
Microsoft Visual Studio Solution File, Format Version 12.00
# Visual Studio Version 16
VisualStudioVersion = 16.0.30907.101
MinimumVisualStudioVersion = 10.0.40219.1
Project("{FAE04EC0-301F-11D3-BF4B-00C04F79EFBC}") = "KampIntro", "KampIntro\KampIntro.csproj", "{A2DD5403-21A4-4550-BC4E-B4942A6D0EFC}"
EndProject
Global
	GlobalSection(SolutionConfigurationPlatforms) = preSolution
		Debug|Any CPU = Debug|Any CPU
		Release|Any CPU = Release|Any CPU
	EndGlobalSection
	GlobalSection(ProjectConfigurationPlatforms) = postSolution
		{A2DD5403-21A4-4550-BC4E-B4942A6D0EFC}.Debug|Any CPU.ActiveCfg = Debug|Any CPU
		{A2DD5403-21A4-4550-BC4E-B4942A6D0EFC}.Debug|Any CPU.Build.0 = Debug|Any CPU
		{A2DD5403-21A4-4550-BC4E-B4942A6D0EFC}.Release|Any CPU.ActiveCfg = Release|Any CPU
		{A2DD5403-21A4-4550-BC4E-B4942A6D0EFC}.Release|Any CPU.Build.0 = Release|Any CPU
	EndGlobalSection
	GlobalSection(SolutionProperties) = preSolution
		HideSolutionNode = FALSE
	EndGlobalSection
	GlobalSection(ExtensibilityGlobals) = postSolution
		SolutionGuid = {9B1642CA-B2F2-492C-BAA1-2F663F24E11E}
	EndGlobalSection
EndGlobal
